
Microsoft Visual Studio Solution File, Format Version 12.00
# Visual Studio Version 17
VisualStudioVersion = 17.2.32616.157
MinimumVisualStudioVersion = 10.0.40219.1
Project("{FAE04EC0-301F-11D3-BF4B-00C04F79EFBC}") = "TasKagitMakas", "TasKagitMakas\TasKagitMakas.csproj", "{4C7652BB-9C51-42B8-B0DF-4BB12B8BE1BC}"
EndProject
Global
	GlobalSection(SolutionConfigurationPlatforms) = preSolution
		Debug|Any CPU = Debug|Any CPU
		Release|Any CPU = Release|Any CPU
	EndGlobalSection
	GlobalSection(ProjectConfigurationPlatforms) = postSolution
		{4C7652BB-9C51-42B8-B0DF-4BB12B8BE1BC}.Debug|Any CPU.ActiveCfg = Debug|Any CPU
		{4C7652BB-9C51-42B8-B0DF-4BB12B8BE1BC}.Debug|Any CPU.Build.0 = Debug|Any CPU
		{4C7652BB-9C51-42B8-B0DF-4BB12B8BE1BC}.Release|Any CPU.ActiveCfg = Release|Any CPU
		{4C7652BB-9C51-42B8-B0DF-4BB12B8BE1BC}.Release|Any CPU.Build.0 = Release|Any CPU
	EndGlobalSection
	GlobalSection(SolutionProperties) = preSolution
		HideSolutionNode = FALSE
	EndGlobalSection
	GlobalSection(ExtensibilityGlobals) = postSolution
		SolutionGuid = {7E95C69C-25D7-4259-AB22-2A1402FC7B52}
	EndGlobalSection
EndGlobal
